
Microsoft Visual Studio Solution File, Format Version 12.00
# Visual Studio Version 17
VisualStudioVersion = 17.14.36301.6 d17.14
MinimumVisualStudioVersion = 10.0.40219.1
Project("{FAE04EC0-301F-11D3-BF4B-00C04F79EFBC}") = "AppBancoDeDados", "AppBancoDeDados.csproj", "{CA85D90A-AF12-4FF0-8C0B-94CF11D5ABBA}"
EndProject
Global
	GlobalSection(SolutionConfigurationPlatforms) = preSolution
		Debug|Any CPU = Debug|Any CPU
		Release|Any CPU = Release|Any CPU
	EndGlobalSection
	GlobalSection(ProjectConfigurationPlatforms) = postSolution
		{CA85D90A-AF12-4FF0-8C0B-94CF11D5ABBA}.Debug|Any CPU.ActiveCfg = Debug|Any CPU
		{CA85D90A-AF12-4FF0-8C0B-94CF11D5ABBA}.Debug|Any CPU.Build.0 = Debug|Any CPU
		{CA85D90A-AF12-4FF0-8C0B-94CF11D5ABBA}.Release|Any CPU.ActiveCfg = Release|Any CPU
		{CA85D90A-AF12-4FF0-8C0B-94CF11D5ABBA}.Release|Any CPU.Build.0 = Release|Any CPU
	EndGlobalSection
	GlobalSection(SolutionProperties) = preSolution
		HideSolutionNode = FALSE
	EndGlobalSection
	GlobalSection(ExtensibilityGlobals) = postSolution
		SolutionGuid = {F81650A8-3CF5-4CC9-9F20-746F9B6A9536}
	EndGlobalSection
EndGlobal
